	<Project xmlns="http://schemas.microsoft.com/developer/msbuild/2003">
		<PropertyGroup>
			<ProjectGuid>{3C42ECD2-1287-4871-8805-0CB3D6DE5172}</ProjectGuid>
			<ProjectVersion>12.2</ProjectVersion>
			<MainSource>LogBook.dpr</MainSource>
			<Config Condition="'$(Config)'==''">Debug</Config>
			<DCC_DCCCompiler>DCC32</DCC_DCCCompiler>
			<Base>True</Base>
			<Platform>Win32</Platform>
			<AppType>Application</AppType>
			<FrameworkType>VCL</FrameworkType>
		</PropertyGroup>
		<PropertyGroup Condition="'$(Config)'=='Base' or '$(Base)'!=''">
			<Base>true</Base>
		</PropertyGroup>
		<PropertyGroup Condition="'$(Config)'=='Release' or '$(Cfg_1)'!=''">
			<Cfg_1>true</Cfg_1>
			<CfgParent>Base</CfgParent>
			<Base>true</Base>
		</PropertyGroup>
		<PropertyGroup Condition="'$(Config)'=='Debug' or '$(Cfg_2)'!=''">
			<Cfg_2>true</Cfg_2>
			<CfgParent>Base</CfgParent>
			<Base>true</Base>
		</PropertyGroup>
		<PropertyGroup Condition="'$(Base)'!=''">
			<UsePackages>true</UsePackages>
			<DCC_UsePackage>vcl;KaDao;JvCore;jvSystem;ehlib140;rtl;vclx;vclimg;dbrtl;vcldb;Jcl;JvStdCtrls;JvDB;JvControls</DCC_UsePackage>
			<DCC_ExeOutput>Distr\</DCC_ExeOutput>
			<DCC_DebugDCUs>true</DCC_DebugDCUs>
			<DCC_RemoteDebug>true</DCC_RemoteDebug>
			<DCC_Optimize>false</DCC_Optimize>
			<DCC_UnitAlias>WinTypes=Windows;WinProcs=Windows;DbiTypes=BDE;DbiProcs=BDE;DbiErrs=BDE;$(DCC_UnitAlias)</DCC_UnitAlias>
			<DCC_DependencyCheckOutputName>Distr\LogBook.exe</DCC_DependencyCheckOutputName>
			<DCC_ImageBase>00400000</DCC_ImageBase>
			<DCC_Platform>x86</DCC_Platform>
		</PropertyGroup>
		<PropertyGroup Condition="'$(Cfg_1)'!=''">
			<DCC_MapFile>3</DCC_MapFile>
			<DCC_GenerateStackFrames>true</DCC_GenerateStackFrames>
			<DCC_DebugDCUs>false</DCC_DebugDCUs>
			<DCC_ImportedDataReferences>false</DCC_ImportedDataReferences>
			<DCC_AssertionsAtRuntime>false</DCC_AssertionsAtRuntime>
			<DCC_LocalDebugSymbols>false</DCC_LocalDebugSymbols>
			<DCC_Optimize>true</DCC_Optimize>
			<BRCC_OutputDir>Distr\</BRCC_OutputDir>
			<DCC_RemoteDebug>false</DCC_RemoteDebug>
			<DCC_DebugInfoInExe>false</DCC_DebugInfoInExe>
			<DCC_Define>RELEASE;$(DCC_Define)</DCC_Define>
			<DCC_SymbolReferenceInfo>0</DCC_SymbolReferenceInfo>
		</PropertyGroup>
		<PropertyGroup Condition="'$(Cfg_2)'!=''">
			<DCC_ExeOutput>C:\Users\melnichenko_v\Documents\RAD Studio\Projects\UT4UKW\LogBook\Distr</DCC_ExeOutput>
			<DCC_MapFile>3</DCC_MapFile>
			<DCC_GenerateStackFrames>true</DCC_GenerateStackFrames>
			<DCC_SymbolReferenceInfo>1</DCC_SymbolReferenceInfo>
			<DCC_DebugInfoInTds>true</DCC_DebugInfoInTds>
			<DCC_DebugDCUs>true</DCC_DebugDCUs>
			<DCC_Define>DEBUG;$(DCC_Define)</DCC_Define>
		</PropertyGroup>
		<ItemGroup>
			<DelphiCompile Include="LogBook.dpr">
				<MainSource>MainSource</MainSource>
			</DelphiCompile>
			<DCCReference Include="udmMain.pas">
				<Form>dmMain</Form>
				<DesignClass>TDataModule</DesignClass>
			</DCCReference>
			<DCCReference Include="uMainWindow.pas">
				<Form>MainWindow</Form>
				<DesignClass>TForm</DesignClass>
			</DCCReference>
			<DCCReference Include="Controls.pas"/>
			<DCCReference Include="uPlugins.pas"/>
			<DCCReference Include="uTranslator.pas"/>
			<DCCReference Include="uSplashWindow.pas">
				<Form>SplashWindow</Form>
			</DCCReference>
			<DCCReference Include="Ping.pas"/>
			<DCCReference Include="uExchangeQSLServices.pas">
				<Form>ExchangeQSLServices</Form>
			</DCCReference>
			<DCCReference Include="uEditBookGroup.pas">
				<Form>EditBookGroup</Form>
			</DCCReference>
			<DCCReference Include="uEditImportRule.pas">
				<Form>EditImportRule</Form>
			</DCCReference>
			<DCCReference Include="uImportFromADIFDialog.pas">
				<Form>ImportFromADIFDialog</Form>
			</DCCReference>
			<DCCReference Include="uOptions.pas">
				<Form>Options</Form>
			</DCCReference>
			<DCCReference Include="uFieldValueReplace.pas">
				<Form>FieldValueReplace</Form>
			</DCCReference>
			<DCCReference Include="uCancelDialog.pas">
				<Form>CancelDialog</Form>
			</DCCReference>
			<BuildConfiguration Include="Base">
				<Key>Base</Key>
			</BuildConfiguration>
			<BuildConfiguration Include="Debug">
				<Key>Cfg_2</Key>
				<CfgParent>Base</CfgParent>
			</BuildConfiguration>
			<BuildConfiguration Include="Release">
				<Key>Cfg_1</Key>
				<CfgParent>Base</CfgParent>
			</BuildConfiguration>
		</ItemGroup>
		<Import Project="$(BDS)\Bin\CodeGear.Delphi.Targets" Condition="Exists('$(BDS)\Bin\CodeGear.Delphi.Targets')"/>
		<ProjectExtensions>
			<Borland.Personality>Delphi.Personality.12</Borland.Personality>
			<Borland.ProjectType/>
			<BorlandProject>
				<Delphi.Personality>
					<Source>
						<Source Name="MainSource">LogBook.dpr</Source>
					</Source>
					<Parameters>
						<Parameters Name="UseLauncher">False</Parameters>
						<Parameters Name="LoadAllSymbols">True</Parameters>
						<Parameters Name="LoadUnspecifiedSymbols">False</Parameters>
					</Parameters>
					<VersionInfo>
						<VersionInfo Name="IncludeVerInfo">True</VersionInfo>
						<VersionInfo Name="AutoIncBuild">False</VersionInfo>
						<VersionInfo Name="MajorVer">0</VersionInfo>
						<VersionInfo Name="MinorVer">9</VersionInfo>
						<VersionInfo Name="Release">9</VersionInfo>
						<VersionInfo Name="Build">8</VersionInfo>
						<VersionInfo Name="Debug">False</VersionInfo>
						<VersionInfo Name="PreRelease">False</VersionInfo>
						<VersionInfo Name="Special">False</VersionInfo>
						<VersionInfo Name="Private">False</VersionInfo>
						<VersionInfo Name="DLL">False</VersionInfo>
						<VersionInfo Name="Locale">1049</VersionInfo>
						<VersionInfo Name="CodePage">1251</VersionInfo>
					</VersionInfo>
					<VersionInfoKeys>
						<VersionInfoKeys Name="CompanyName"/>
						<VersionInfoKeys Name="FileDescription"/>
						<VersionInfoKeys Name="FileVersion">0.9.9.8</VersionInfoKeys>
						<VersionInfoKeys Name="InternalName"/>
						<VersionInfoKeys Name="LegalCopyright"/>
						<VersionInfoKeys Name="LegalTrademarks"/>
						<VersionInfoKeys Name="OriginalFilename"/>
						<VersionInfoKeys Name="ProductName"/>
						<VersionInfoKeys Name="ProductVersion">1.0.0.0</VersionInfoKeys>
						<VersionInfoKeys Name="Comments"/>
					</VersionInfoKeys>
					<Excluded_Packages>
						<Excluded_Packages Name="C:\Users\Public\Documents\RAD Studio\7.0\Bpl\DclEhLib140.bpl">EhLib 5.2 Components</Excluded_Packages>
						<Excluded_Packages Name="C:\Users\Public\Documents\RAD Studio\7.0\Bpl\vlcontrols.bpl">(untitled)</Excluded_Packages>
					</Excluded_Packages>
				</Delphi.Personality>
				<ModelSupport>False</ModelSupport>
				<Platforms>
					<Platform value="Win32">True</Platform>
				</Platforms>
			</BorlandProject>
			<ProjectFileVersion>12</ProjectFileVersion>
		</ProjectExtensions>
	</Project>
