	<Project xmlns="http://schemas.microsoft.com/developer/msbuild/2003">
		<PropertyGroup>
			<ProjectGuid>{3BB2B749-0A17-4964-A383-505BACAAB5E1}</ProjectGuid>
			<ProjectVersion>12.2</ProjectVersion>
			<MainSource>WindowCluster.dpr</MainSource>
			<Base>True</Base>
			<Config Condition="'$(Config)'==''">Debug</Config>
			<Platform>Win32</Platform>
			<AppType>Library</AppType>
			<FrameworkType>None</FrameworkType>
			<DCC_DCCCompiler>DCC32</DCC_DCCCompiler>
		</PropertyGroup>
		<PropertyGroup Condition="'$(Config)'=='Base' or '$(Base)'!=''">
			<Base>true</Base>
		</PropertyGroup>
		<PropertyGroup Condition="'$(Config)'=='Debug' or '$(Cfg_1)'!=''">
			<Cfg_1>true</Cfg_1>
			<CfgParent>Base</CfgParent>
			<Base>true</Base>
		</PropertyGroup>
		<PropertyGroup Condition="'$(Config)'=='Release' or '$(Cfg_2)'!=''">
			<Cfg_2>true</Cfg_2>
			<CfgParent>Base</CfgParent>
			<Base>true</Base>
		</PropertyGroup>
		<PropertyGroup Condition="'$(Base)'!=''">
			<DCC_DebugDCUs>true</DCC_DebugDCUs>
			<DCC_DependencyCheckOutputName>%Config%\%Platform%\WindowCluster.dll</DCC_DependencyCheckOutputName>
			<DCC_UsePackage>vcl;kadao;ehlib140;vlcontrols;jvCore;jvSystem</DCC_UsePackage>
			<UsePackages>true</UsePackages>
			<GenDll>true</GenDll>
			<DCC_ImageBase>00400000</DCC_ImageBase>
			<DCC_DcuOutput>.\$(Config)\$(Platform)</DCC_DcuOutput>
			<DCC_UnitAlias>WinTypes=Windows;WinProcs=Windows;DbiTypes=BDE;DbiProcs=BDE;$(DCC_UnitAlias)</DCC_UnitAlias>
			<DCC_ExeOutput>.\$(Config)\$(Platform)</DCC_ExeOutput>
		</PropertyGroup>
		<PropertyGroup Condition="'$(Cfg_1)'!=''">
			<DCC_DebugInfoInExe>true</DCC_DebugInfoInExe>
			<DCC_RemoteDebug>true</DCC_RemoteDebug>
			<DCC_MapFile>3</DCC_MapFile>
			<DCC_DependencyCheckOutputName>..\..\..\..\..\..\..\..\melnichenko.ADVENTIS\Documents\RAD Studio\Projects\UT4UKW\LogBook\Distr\Plugins\WindowCluster\WindowCluster.dll</DCC_DependencyCheckOutputName>
			<DCC_DcuOutput>C:\Users\melnichenko.ADVENTIS\Documents\RAD Studio\Projects\UT4UKW\LogBook\Dcu\</DCC_DcuOutput>
			<DCC_ExeOutput>C:\Users\melnichenko.ADVENTIS\Documents\RAD Studio\Projects\UT4UKW\LogBook\Distr\Plugins\WindowCluster\</DCC_ExeOutput>
			<DCC_Define>DEBUG;$(DCC_Define)</DCC_Define>
			<DCC_Optimize>false</DCC_Optimize>
			<DCC_GenerateStackFrames>true</DCC_GenerateStackFrames>
		</PropertyGroup>
		<PropertyGroup Condition="'$(Cfg_2)'!=''">
			<DCC_MapFile>3</DCC_MapFile>
			<DCC_DebugDCUs>false</DCC_DebugDCUs>
			<DCC_ImportedDataReferences>false</DCC_ImportedDataReferences>
			<DCC_AssertionsAtRuntime>false</DCC_AssertionsAtRuntime>
			<DCC_DependencyCheckOutputName>..\..\..\..\..\..\..\..\melnichenko.ADVENTIS\Documents\RAD Studio\Projects\UT4UKW\LogBook\Distr\Plugins\WindowCluster\WindowCluster.dll</DCC_DependencyCheckOutputName>
			<DCC_ExeOutput>C:\Users\melnichenko.ADVENTIS\Documents\RAD Studio\Projects\UT4UKW\LogBook\Distr\Plugins\WindowCluster\</DCC_ExeOutput>
			<DCC_DcuOutput>C:\Users\melnichenko.ADVENTIS\Documents\RAD Studio\Projects\UT4UKW\LogBook\Dcu\</DCC_DcuOutput>
			<DCC_LocalDebugSymbols>false</DCC_LocalDebugSymbols>
			<DCC_Define>RELEASE;EUREKALOG;EUREKALOG_VER6;$(DCC_Define)</DCC_Define>
			<DCC_SymbolReferenceInfo>0</DCC_SymbolReferenceInfo>
		</PropertyGroup>
		<ItemGroup>
			<DelphiCompile Include="WindowCluster.dpr">
				<MainSource>MainSource</MainSource>
			</DelphiCompile>
			<DCCReference Include="uWindowCluster.pas"/>
			<DCCReference Include="uWindowClusterForm.pas">
				<Form>WindowClusterForm</Form>
			</DCCReference>
			<DCCReference Include="uWindowClusterSettingsFrame.pas">
				<Form>WindowClusterSettingsFrame</Form>
				<DesignClass>TFrame</DesignClass>
			</DCCReference>
			<DCCReference Include="uEditClusterSpot.pas">
				<Form>EditClusterSpot</Form>
			</DCCReference>
			<BuildConfiguration Include="Base">
				<Key>Base</Key>
			</BuildConfiguration>
			<BuildConfiguration Include="Release">
				<Key>Cfg_2</Key>
				<CfgParent>Base</CfgParent>
			</BuildConfiguration>
			<BuildConfiguration Include="Debug">
				<Key>Cfg_1</Key>
				<CfgParent>Base</CfgParent>
			</BuildConfiguration>
		</ItemGroup>
		<Import Project="$(BDS)\Bin\CodeGear.Delphi.Targets" Condition="Exists('$(BDS)\Bin\CodeGear.Delphi.Targets')"/>
		<ProjectExtensions>
			<Borland.Personality>Delphi.Personality.12</Borland.Personality>
			<Borland.ProjectType/>
			<BorlandProject>
				<Delphi.Personality>
					<VersionInfo>
						<VersionInfo Name="IncludeVerInfo">False</VersionInfo>
						<VersionInfo Name="AutoIncBuild">False</VersionInfo>
						<VersionInfo Name="MajorVer">1</VersionInfo>
						<VersionInfo Name="MinorVer">0</VersionInfo>
						<VersionInfo Name="Release">0</VersionInfo>
						<VersionInfo Name="Build">0</VersionInfo>
						<VersionInfo Name="Debug">False</VersionInfo>
						<VersionInfo Name="PreRelease">False</VersionInfo>
						<VersionInfo Name="Special">False</VersionInfo>
						<VersionInfo Name="Private">False</VersionInfo>
						<VersionInfo Name="DLL">False</VersionInfo>
						<VersionInfo Name="Locale">1049</VersionInfo>
						<VersionInfo Name="CodePage">1251</VersionInfo>
					</VersionInfo>
					<VersionInfoKeys>
						<VersionInfoKeys Name="CompanyName"/>
						<VersionInfoKeys Name="FileDescription"/>
						<VersionInfoKeys Name="FileVersion">1.0.0.0</VersionInfoKeys>
						<VersionInfoKeys Name="InternalName"/>
						<VersionInfoKeys Name="LegalCopyright"/>
						<VersionInfoKeys Name="LegalTrademarks"/>
						<VersionInfoKeys Name="OriginalFilename"/>
						<VersionInfoKeys Name="ProductName"/>
						<VersionInfoKeys Name="ProductVersion">1.0.0.0</VersionInfoKeys>
						<VersionInfoKeys Name="Comments"/>
					</VersionInfoKeys>
					<Excluded_Packages/>
					<Source>
						<Source Name="MainSource">WindowCluster.dpr</Source>
					</Source>
					<Parameters>
						<Parameters Name="HostApplication">C:\Users\melnichenko.ADVENTIS\Documents\RAD Studio\Projects\ut4ukw\LogBook\Distr\LogBook.exe</Parameters>
						<Parameters Name="UseLauncher">False</Parameters>
						<Parameters Name="LoadAllSymbols">True</Parameters>
						<Parameters Name="LoadUnspecifiedSymbols">False</Parameters>
					</Parameters>
				</Delphi.Personality>
				<Platforms>
					<Platform value="Win32">True</Platform>
				</Platforms>
			</BorlandProject>
			<ProjectFileVersion>12</ProjectFileVersion>
		</ProjectExtensions>
	</Project>
